
Microsoft Visual Studio Solution File, Format Version 12.00
# Visual Studio Version 16
VisualStudioVersion = 16.0.30907.101
MinimumVisualStudioVersion = 10.0.40219.1
Project("{9A19103F-16F7-4668-BE54-9A1E7A4F7556}") = "WebApplication1", "WebApplication1\WebApplication1.csproj", "{D1C7D234-6483-4E15-9EE4-B6AFE02F8E9C}"
EndProject
Project("{9A19103F-16F7-4668-BE54-9A1E7A4F7556}") = "Assignment-1", "..\Assignment-1\Assignment-1\Assignment-1.csproj", "{DC48B93F-5980-4832-B5B5-9DE5D6307BFC}"
EndProject
Project("{9A19103F-16F7-4668-BE54-9A1E7A4F7556}") = "BookStore", "..\BookStore\BookStore\BookStore.csproj", "{F1011A78-1C48-4BA2-8D1B-AE0E3203CB95}"
EndProject
Global
	GlobalSection(SolutionConfigurationPlatforms) = preSolution
		Debug|Any CPU = Debug|Any CPU
		Release|Any CPU = Release|Any CPU
	EndGlobalSection
	GlobalSection(ProjectConfigurationPlatforms) = postSolution
		{D1C7D234-6483-4E15-9EE4-B6AFE02F8E9C}.Debug|Any CPU.ActiveCfg = Debug|Any CPU
		{D1C7D234-6483-4E15-9EE4-B6AFE02F8E9C}.Debug|Any CPU.Build.0 = Debug|Any CPU
		{D1C7D234-6483-4E15-9EE4-B6AFE02F8E9C}.Release|Any CPU.ActiveCfg = Release|Any CPU
		{D1C7D234-6483-4E15-9EE4-B6AFE02F8E9C}.Release|Any CPU.Build.0 = Release|Any CPU
		{DC48B93F-5980-4832-B5B5-9DE5D6307BFC}.Debug|Any CPU.ActiveCfg = Debug|Any CPU
		{DC48B93F-5980-4832-B5B5-9DE5D6307BFC}.Debug|Any CPU.Build.0 = Debug|Any CPU
		{DC48B93F-5980-4832-B5B5-9DE5D6307BFC}.Release|Any CPU.ActiveCfg = Release|Any CPU
		{DC48B93F-5980-4832-B5B5-9DE5D6307BFC}.Release|Any CPU.Build.0 = Release|Any CPU
		{F1011A78-1C48-4BA2-8D1B-AE0E3203CB95}.Debug|Any CPU.ActiveCfg = Debug|Any CPU
		{F1011A78-1C48-4BA2-8D1B-AE0E3203CB95}.Debug|Any CPU.Build.0 = Debug|Any CPU
		{F1011A78-1C48-4BA2-8D1B-AE0E3203CB95}.Release|Any CPU.ActiveCfg = Release|Any CPU
		{F1011A78-1C48-4BA2-8D1B-AE0E3203CB95}.Release|Any CPU.Build.0 = Release|Any CPU
	EndGlobalSection
	GlobalSection(SolutionProperties) = preSolution
		HideSolutionNode = FALSE
	EndGlobalSection
	GlobalSection(ExtensibilityGlobals) = postSolution
		SolutionGuid = {BA190B53-A1F1-401A-8481-CD2D3A075EB7}
	EndGlobalSection
EndGlobal
